
Microsoft Visual Studio Solution File, Format Version 12.00
# Visual Studio Version 16
VisualStudioVersion = 16.0.30320.27
MinimumVisualStudioVersion = 10.0.40219.1
Project("{FAE04EC0-301F-11D3-BF4B-00C04F79EFBC}") = "FinalAssignment", "FinalAssignment\FinalAssignment.csproj", "{15CEDF10-4CAE-4459-B293-0095D9148811}"
EndProject
Global
	GlobalSection(SolutionConfigurationPlatforms) = preSolution
		Debug|Any CPU = Debug|Any CPU
		Release|Any CPU = Release|Any CPU
	EndGlobalSection
	GlobalSection(ProjectConfigurationPlatforms) = postSolution
		{15CEDF10-4CAE-4459-B293-0095D9148811}.Debug|Any CPU.ActiveCfg = Debug|Any CPU
		{15CEDF10-4CAE-4459-B293-0095D9148811}.Debug|Any CPU.Build.0 = Debug|Any CPU
		{15CEDF10-4CAE-4459-B293-0095D9148811}.Release|Any CPU.ActiveCfg = Release|Any CPU
		{15CEDF10-4CAE-4459-B293-0095D9148811}.Release|Any CPU.Build.0 = Release|Any CPU
	EndGlobalSection
	GlobalSection(SolutionProperties) = preSolution
		HideSolutionNode = FALSE
	EndGlobalSection
	GlobalSection(ExtensibilityGlobals) = postSolution
		SolutionGuid = {DEFD8AC2-5FB8-4261-BEFD-8DCA44D95855}
	EndGlobalSection
EndGlobal
